// !$*UTF8*$!
{
	archiveVersion = 1;
	classes = {
	};
	objectVersion = 50;
	objects = {

/* Begin PBXBuildFile section */
		5128520C21006E6700B032C7 /* AppDelegate.swift in Sources */ = {isa = PBXBuildFile; fileRef = 5128520B21006E6700B032C7 /* AppDelegate.swift */; };
		5128520E21006E6700B032C7 /* TransactionListViewController.swift in Sources */ = {isa = PBXBuildFile; fileRef = 5128520D21006E6700B032C7 /* TransactionListViewController.swift */; };
		5128521121006E6700B032C7 /* Main.storyboard in Resources */ = {isa = PBXBuildFile; fileRef = 5128520F21006E6700B032C7 /* Main.storyboard */; };
		5128521321006E6900B032C7 /* Assets.xcassets in Resources */ = {isa = PBXBuildFile; fileRef = 5128521221006E6900B032C7 /* Assets.xcassets */; };
		5128521621006E6900B032C7 /* LaunchScreen.storyboard in Resources */ = {isa = PBXBuildFile; fileRef = 5128521421006E6900B032C7 /* LaunchScreen.storyboard */; };
		5128522121006E6900B032C7 /* BudTransactionListTests.swift in Sources */ = {isa = PBXBuildFile; fileRef = 5128522021006E6900B032C7 /* BudTransactionListTests.swift */; };
		5128522C21006E6A00B032C7 /* BudTransactionListUITests.swift in Sources */ = {isa = PBXBuildFile; fileRef = 5128522B21006E6A00B032C7 /* BudTransactionListUITests.swift */; };
		512852402100F7E100B032C7 /* MocableURLSession.swift in Sources */ = {isa = PBXBuildFile; fileRef = 5128523F2100F7E100B032C7 /* MocableURLSession.swift */; };
		512852422100F80600B032C7 /* MockableURLSessionDataTask.swift in Sources */ = {isa = PBXBuildFile; fileRef = 512852412100F80600B032C7 /* MockableURLSessionDataTask.swift */; };
		512852442100F83000B032C7 /* URLMockable.swift in Sources */ = {isa = PBXBuildFile; fileRef = 512852432100F83000B032C7 /* URLMockable.swift */; };
		512852482101011A00B032C7 /* URLMockableTests.swift in Sources */ = {isa = PBXBuildFile; fileRef = 512852472101011A00B032C7 /* URLMockableTests.swift */; };
		5128524A2101021000B032C7 /* MockableURLSessionDataTaskTests.swift in Sources */ = {isa = PBXBuildFile; fileRef = 512852492101021000B032C7 /* MockableURLSessionDataTaskTests.swift */; };
		5128524C2101024700B032C7 /* MockableURLSessionTests.swift in Sources */ = {isa = PBXBuildFile; fileRef = 5128524B2101024700B032C7 /* MockableURLSessionTests.swift */; };
		5128524F210105C700B032C7 /* GET_v2_5b33bdb43200008f0ad1e256 in Resources */ = {isa = PBXBuildFile; fileRef = 5128524E210105C700B032C7 /* GET_v2_5b33bdb43200008f0ad1e256 */; };
		512852512101061F00B032C7 /* GET_budcraftstorage_uploads_products_lloyds-bank_Llyods_Favicon-1_161201_091641.jpg in Resources */ = {isa = PBXBuildFile; fileRef = 512852502101061F00B032C7 /* GET_budcraftstorage_uploads_products_lloyds-bank_Llyods_Favicon-1_161201_091641.jpg */; };
		512852522101067100B032C7 /* GET_budcraftstorage_uploads_products_lloyds-bank_Llyods_Favicon-1_161201_091641.jpg in Resources */ = {isa = PBXBuildFile; fileRef = 512852502101061F00B032C7 /* GET_budcraftstorage_uploads_products_lloyds-bank_Llyods_Favicon-1_161201_091641.jpg */; };
		512852532101067100B032C7 /* GET_v2_5b33bdb43200008f0ad1e256 in Resources */ = {isa = PBXBuildFile; fileRef = 5128524E210105C700B032C7 /* GET_v2_5b33bdb43200008f0ad1e256 */; };
		512852542101067200B032C7 /* GET_budcraftstorage_uploads_products_lloyds-bank_Llyods_Favicon-1_161201_091641.jpg in Resources */ = {isa = PBXBuildFile; fileRef = 512852502101061F00B032C7 /* GET_budcraftstorage_uploads_products_lloyds-bank_Llyods_Favicon-1_161201_091641.jpg */; };
		512852552101067200B032C7 /* GET_v2_5b33bdb43200008f0ad1e256 in Resources */ = {isa = PBXBuildFile; fileRef = 5128524E210105C700B032C7 /* GET_v2_5b33bdb43200008f0ad1e256 */; };
		51285258210113DA00B032C7 /* BudAPI.swift in Sources */ = {isa = PBXBuildFile; fileRef = 51285257210113DA00B032C7 /* BudAPI.swift */; };
		5128525C21011AAE00B032C7 /* BudAPITests.swift in Sources */ = {isa = PBXBuildFile; fileRef = 5128525B21011AAE00B032C7 /* BudAPITests.swift */; };
		5128525F21011E1500B032C7 /* BudAPITransactionListResponse.swift in Sources */ = {isa = PBXBuildFile; fileRef = 5128525E21011E1500B032C7 /* BudAPITransactionListResponse.swift */; };
		5128526121011F4700B032C7 /* BudAPITransaction.swift in Sources */ = {isa = PBXBuildFile; fileRef = 5128526021011F4700B032C7 /* BudAPITransaction.swift */; };
		51285263210120D500B032C7 /* BudAPITransactionAmount.swift in Sources */ = {isa = PBXBuildFile; fileRef = 51285262210120D500B032C7 /* BudAPITransactionAmount.swift */; };
		512852652101214300B032C7 /* BudAPITransactionProduct.swift in Sources */ = {isa = PBXBuildFile; fileRef = 512852642101214300B032C7 /* BudAPITransactionProduct.swift */; };
		51285268210123C200B032C7 /* String+BudAPI.swift in Sources */ = {isa = PBXBuildFile; fileRef = 51285267210123C200B032C7 /* String+BudAPI.swift */; };
		5128526B2101247900B032C7 /* String+BudAPITests.swift in Sources */ = {isa = PBXBuildFile; fileRef = 5128526A2101247900B032C7 /* String+BudAPITests.swift */; };
		5128526E21012A2900B032C7 /* BudTransactionListResponseTests.swift in Sources */ = {isa = PBXBuildFile; fileRef = 5128526D21012A2900B032C7 /* BudTransactionListResponseTests.swift */; };
		512852712101340400B032C7 /* CacheAPI.swift in Sources */ = {isa = PBXBuildFile; fileRef = 512852702101340400B032C7 /* CacheAPI.swift */; };
		512852732101346F00B032C7 /* CacheAPIImageResponse.swift in Sources */ = {isa = PBXBuildFile; fileRef = 512852722101346F00B032C7 /* CacheAPIImageResponse.swift */; };
		512852762101358600B032C7 /* CacheAPITests.swift in Sources */ = {isa = PBXBuildFile; fileRef = 512852752101358600B032C7 /* CacheAPITests.swift */; };
		5128527B21013BED00B032C7 /* TransactionCell.swift in Sources */ = {isa = PBXBuildFile; fileRef = 5128527A21013BED00B032C7 /* TransactionCell.swift */; };
		51AF6B362101500700507B2C /* TransactionManager.swift in Sources */ = {isa = PBXBuildFile; fileRef = 51AF6B352101500700507B2C /* TransactionManager.swift */; };
		51AF6B382101665700507B2C /* Date+BudAPI.swift in Sources */ = {isa = PBXBuildFile; fileRef = 51AF6B372101665700507B2C /* Date+BudAPI.swift */; };
		51AF6B3A21016AA000507B2C /* Date+BudAPITests.swift in Sources */ = {isa = PBXBuildFile; fileRef = 51AF6B3921016AA000507B2C /* Date+BudAPITests.swift */; };
/* End PBXBuildFile section */

/* Begin PBXContainerItemProxy section */
		5128521D21006E6900B032C7 /* PBXContainerItemProxy */ = {
			isa = PBXContainerItemProxy;
			containerPortal = 5128520021006E6700B032C7 /* Project object */;
			proxyType = 1;
			remoteGlobalIDString = 5128520721006E6700B032C7;
			remoteInfo = BudTransactionList;
		};
		5128522821006E6A00B032C7 /* PBXContainerItemProxy */ = {
			isa = PBXContainerItemProxy;
			containerPortal = 5128520021006E6700B032C7 /* Project object */;
			proxyType = 1;
			remoteGlobalIDString = 5128520721006E6700B032C7;
			remoteInfo = BudTransactionList;
		};
/* End PBXContainerItemProxy section */

/* Begin PBXFileReference section */
		5128520821006E6700B032C7 /* BudTransactionList.app */ = {isa = PBXFileReference; explicitFileType = wrapper.application; includeInIndex = 0; path = BudTransactionList.app; sourceTree = BUILT_PRODUCTS_DIR; };
		5128520B21006E6700B032C7 /* AppDelegate.swift */ = {isa = PBXFileReference; lastKnownFileType = sourcecode.swift; path = AppDelegate.swift; sourceTree = "<group>"; };
		5128520D21006E6700B032C7 /* TransactionListViewController.swift */ = {isa = PBXFileReference; lastKnownFileType = sourcecode.swift; path = TransactionListViewController.swift; sourceTree = "<group>"; };
		5128521021006E6700B032C7 /* Base */ = {isa = PBXFileReference; lastKnownFileType = file.storyboard; name = Base; path = Base.lproj/Main.storyboard; sourceTree = "<group>"; };
		5128521221006E6900B032C7 /* Assets.xcassets */ = {isa = PBXFileReference; lastKnownFileType = folder.assetcatalog; path = Assets.xcassets; sourceTree = "<group>"; };
		5128521521006E6900B032C7 /* Base */ = {isa = PBXFileReference; lastKnownFileType = file.storyboard; name = Base; path = Base.lproj/LaunchScreen.storyboard; sourceTree = "<group>"; };
		5128521721006E6900B032C7 /* Info.plist */ = {isa = PBXFileReference; lastKnownFileType = text.plist.xml; path = Info.plist; sourceTree = "<group>"; };
		5128521C21006E6900B032C7 /* BudTransactionListTests.xctest */ = {isa = PBXFileReference; explicitFileType = wrapper.cfbundle; includeInIndex = 0; path = BudTransactionListTests.xctest; sourceTree = BUILT_PRODUCTS_DIR; };
		5128522021006E6900B032C7 /* BudTransactionListTests.swift */ = {isa = PBXFileReference; lastKnownFileType = sourcecode.swift; path = BudTransactionListTests.swift; sourceTree = "<group>"; };
		5128522221006E6A00B032C7 /* Info.plist */ = {isa = PBXFileReference; lastKnownFileType = text.plist.xml; path = Info.plist; sourceTree = "<group>"; };
		5128522721006E6A00B032C7 /* BudTransactionListUITests.xctest */ = {isa = PBXFileReference; explicitFileType = wrapper.cfbundle; includeInIndex = 0; path = BudTransactionListUITests.xctest; sourceTree = BUILT_PRODUCTS_DIR; };
		5128522B21006E6A00B032C7 /* BudTransactionListUITests.swift */ = {isa = PBXFileReference; lastKnownFileType = sourcecode.swift; path = BudTransactionListUITests.swift; sourceTree = "<group>"; };
		5128522D21006E6A00B032C7 /* Info.plist */ = {isa = PBXFileReference; lastKnownFileType = text.plist.xml; path = Info.plist; sourceTree = "<group>"; };
		5128523F2100F7E100B032C7 /* MocableURLSession.swift */ = {isa = PBXFileReference; lastKnownFileType = sourcecode.swift; path = MocableURLSession.swift; sourceTree = "<group>"; };
		512852412100F80600B032C7 /* MockableURLSessionDataTask.swift */ = {isa = PBXFileReference; lastKnownFileType = sourcecode.swift; path = MockableURLSessionDataTask.swift; sourceTree = "<group>"; };
		512852432100F83000B032C7 /* URLMockable.swift */ = {isa = PBXFileReference; lastKnownFileType = sourcecode.swift; path = URLMockable.swift; sourceTree = "<group>"; };
		512852472101011A00B032C7 /* URLMockableTests.swift */ = {isa = PBXFileReference; lastKnownFileType = sourcecode.swift; path = URLMockableTests.swift; sourceTree = "<group>"; };
		512852492101021000B032C7 /* MockableURLSessionDataTaskTests.swift */ = {isa = PBXFileReference; lastKnownFileType = sourcecode.swift; path = MockableURLSessionDataTaskTests.swift; sourceTree = "<group>"; };
		5128524B2101024700B032C7 /* MockableURLSessionTests.swift */ = {isa = PBXFileReference; lastKnownFileType = sourcecode.swift; path = MockableURLSessionTests.swift; sourceTree = "<group>"; };
		5128524E210105C700B032C7 /* GET_v2_5b33bdb43200008f0ad1e256 */ = {isa = PBXFileReference; lastKnownFileType = text; path = GET_v2_5b33bdb43200008f0ad1e256; sourceTree = "<group>"; };
		512852502101061F00B032C7 /* GET_budcraftstorage_uploads_products_lloyds-bank_Llyods_Favicon-1_161201_091641.jpg */ = {isa = PBXFileReference; lastKnownFileType = image.jpeg; path = "GET_budcraftstorage_uploads_products_lloyds-bank_Llyods_Favicon-1_161201_091641.jpg"; sourceTree = "<group>"; };
		51285257210113DA00B032C7 /* BudAPI.swift */ = {isa = PBXFileReference; lastKnownFileType = sourcecode.swift; path = BudAPI.swift; sourceTree = "<group>"; };
		5128525B21011AAE00B032C7 /* BudAPITests.swift */ = {isa = PBXFileReference; lastKnownFileType = sourcecode.swift; path = BudAPITests.swift; sourceTree = "<group>"; };
		5128525E21011E1500B032C7 /* BudAPITransactionListResponse.swift */ = {isa = PBXFileReference; lastKnownFileType = sourcecode.swift; path = BudAPITransactionListResponse.swift; sourceTree = "<group>"; };
		5128526021011F4700B032C7 /* BudAPITransaction.swift */ = {isa = PBXFileReference; lastKnownFileType = sourcecode.swift; path = BudAPITransaction.swift; sourceTree = "<group>"; };
		51285262210120D500B032C7 /* BudAPITransactionAmount.swift */ = {isa = PBXFileReference; lastKnownFileType = sourcecode.swift; path = BudAPITransactionAmount.swift; sourceTree = "<group>"; };
		512852642101214300B032C7 /* BudAPITransactionProduct.swift */ = {isa = PBXFileReference; lastKnownFileType = sourcecode.swift; path = BudAPITransactionProduct.swift; sourceTree = "<group>"; };
		51285267210123C200B032C7 /* String+BudAPI.swift */ = {isa = PBXFileReference; lastKnownFileType = sourcecode.swift; path = "String+BudAPI.swift"; sourceTree = "<group>"; };
		5128526A2101247900B032C7 /* String+BudAPITests.swift */ = {isa = PBXFileReference; lastKnownFileType = sourcecode.swift; path = "String+BudAPITests.swift"; sourceTree = "<group>"; };
		5128526D21012A2900B032C7 /* BudTransactionListResponseTests.swift */ = {isa = PBXFileReference; lastKnownFileType = sourcecode.swift; path = BudTransactionListResponseTests.swift; sourceTree = "<group>"; };
		512852702101340400B032C7 /* CacheAPI.swift */ = {isa = PBXFileReference; lastKnownFileType = sourcecode.swift; path = CacheAPI.swift; sourceTree = "<group>"; };
		512852722101346F00B032C7 /* CacheAPIImageResponse.swift */ = {isa = PBXFileReference; lastKnownFileType = sourcecode.swift; path = CacheAPIImageResponse.swift; sourceTree = "<group>"; };
		512852752101358600B032C7 /* CacheAPITests.swift */ = {isa = PBXFileReference; lastKnownFileType = sourcecode.swift; path = CacheAPITests.swift; sourceTree = "<group>"; };
		5128527A21013BED00B032C7 /* TransactionCell.swift */ = {isa = PBXFileReference; lastKnownFileType = sourcecode.swift; path = TransactionCell.swift; sourceTree = "<group>"; };
		51AF6B352101500700507B2C /* TransactionManager.swift */ = {isa = PBXFileReference; lastKnownFileType = sourcecode.swift; path = TransactionManager.swift; sourceTree = "<group>"; };
		51AF6B372101665700507B2C /* Date+BudAPI.swift */ = {isa = PBXFileReference; lastKnownFileType = sourcecode.swift; path = "Date+BudAPI.swift"; sourceTree = "<group>"; };
		51AF6B3921016AA000507B2C /* Date+BudAPITests.swift */ = {isa = PBXFileReference; lastKnownFileType = sourcecode.swift; path = "Date+BudAPITests.swift"; sourceTree = "<group>"; };
/* End PBXFileReference section */

/* Begin PBXFrameworksBuildPhase section */
		5128520521006E6700B032C7 /* Frameworks */ = {
			isa = PBXFrameworksBuildPhase;
			buildActionMask = 2147483647;
			files = (
			);
			runOnlyForDeploymentPostprocessing = 0;
		};
		5128521921006E6900B032C7 /* Frameworks */ = {
			isa = PBXFrameworksBuildPhase;
			buildActionMask = 2147483647;
			files = (
			);
			runOnlyForDeploymentPostprocessing = 0;
		};
		5128522421006E6A00B032C7 /* Frameworks */ = {
			isa = PBXFrameworksBuildPhase;
			buildActionMask = 2147483647;
			files = (
			);
			runOnlyForDeploymentPostprocessing = 0;
		};
/* End PBXFrameworksBuildPhase section */

/* Begin PBXGroup section */
		512851FF21006E6700B032C7 = {
			isa = PBXGroup;
			children = (
				5128520A21006E6700B032C7 /* BudTransactionList */,
				5128521F21006E6900B032C7 /* BudTransactionListTests */,
				5128522A21006E6A00B032C7 /* BudTransactionListUITests */,
				5128520921006E6700B032C7 /* Products */,
			);
			sourceTree = "<group>";
		};
		5128520921006E6700B032C7 /* Products */ = {
			isa = PBXGroup;
			children = (
				5128520821006E6700B032C7 /* BudTransactionList.app */,
				5128521C21006E6900B032C7 /* BudTransactionListTests.xctest */,
				5128522721006E6A00B032C7 /* BudTransactionListUITests.xctest */,
			);
			name = Products;
			sourceTree = "<group>";
		};
		5128520A21006E6700B032C7 /* BudTransactionList */ = {
			isa = PBXGroup;
			children = (
				5128523B21006FBD00B032C7 /* BusinessLayer */,
				5128523921006FA500B032C7 /* DataLayer */,
				5128523C21006FD100B032C7 /* Main */,
				5128523A21006FB400B032C7 /* UILayer */,
			);
			path = BudTransactionList;
			sourceTree = "<group>";
		};
		5128521F21006E6900B032C7 /* BudTransactionListTests */ = {
			isa = PBXGroup;
			children = (
				512852452101003E00B032C7 /* DataLayer */,
				5128522021006E6900B032C7 /* BudTransactionListTests.swift */,
				5128522221006E6A00B032C7 /* Info.plist */,
			);
			path = BudTransactionListTests;
			sourceTree = "<group>";
		};
		5128522A21006E6A00B032C7 /* BudTransactionListUITests */ = {
			isa = PBXGroup;
			children = (
				5128522B21006E6A00B032C7 /* BudTransactionListUITests.swift */,
				5128522D21006E6A00B032C7 /* Info.plist */,
			);
			path = BudTransactionListUITests;
			sourceTree = "<group>";
		};
		5128523921006FA500B032C7 /* DataLayer */ = {
			isa = PBXGroup;
			children = (
				5128523E2100EB2400B032C7 /* BudAPI */,
				5128526F210133CA00B032C7 /* CacheAPI */,
				5128523D2100EB0900B032C7 /* MocableURLSession */,
			);
			path = DataLayer;
			sourceTree = "<group>";
		};
		5128523A21006FB400B032C7 /* UILayer */ = {
			isa = PBXGroup;
			children = (
				5128527821013A5400B032C7 /* Storyboards */,
				5128527921013A6400B032C7 /* TableViewCells */,
				5128527721013A3B00B032C7 /* ViewControllers */,
			);
			path = UILayer;
			sourceTree = "<group>";
		};
		5128523B21006FBD00B032C7 /* BusinessLayer */ = {
			isa = PBXGroup;
			children = (
				51AF6B352101500700507B2C /* TransactionManager.swift */,
			);
			path = BusinessLayer;
			sourceTree = "<group>";
		};
		5128523C21006FD100B032C7 /* Main */ = {
			isa = PBXGroup;
			children = (
				5128521721006E6900B032C7 /* Info.plist */,
				5128521221006E6900B032C7 /* Assets.xcassets */,
				5128520B21006E6700B032C7 /* AppDelegate.swift */,
			);
			path = Main;
			sourceTree = "<group>";
		};
		5128523D2100EB0900B032C7 /* MocableURLSession */ = {
			isa = PBXGroup;
			children = (
				5128523F2100F7E100B032C7 /* MocableURLSession.swift */,
				512852412100F80600B032C7 /* MockableURLSessionDataTask.swift */,
				512852432100F83000B032C7 /* URLMockable.swift */,
			);
			path = MocableURLSession;
			sourceTree = "<group>";
		};
		5128523E2100EB2400B032C7 /* BudAPI */ = {
			isa = PBXGroup;
			children = (
				512852662101239D00B032C7 /* Extensions */,
				51285256210113B800B032C7 /* Main */,
				5128525D21011DD900B032C7 /* Models */,
			);
			path = BudAPI;
			sourceTree = "<group>";
		};
		512852452101003E00B032C7 /* DataLayer */ = {
			isa = PBXGroup;
			children = (
				5128525921011A6C00B032C7 /* BudAPI */,
				512852742101356C00B032C7 /* CacheAPI */,
				512852462101007E00B032C7 /* MocableURLSession */,
				5128524D210105AD00B032C7 /* MockUpData */,
			);
			path = DataLayer;
			sourceTree = "<group>";
		};
		512852462101007E00B032C7 /* MocableURLSession */ = {
			isa = PBXGroup;
			children = (
				512852492101021000B032C7 /* MockableURLSessionDataTaskTests.swift */,
				5128524B2101024700B032C7 /* MockableURLSessionTests.swift */,
				512852472101011A00B032C7 /* URLMockableTests.swift */,
			);
			path = MocableURLSession;
			sourceTree = "<group>";
		};
		5128524D210105AD00B032C7 /* MockUpData */ = {
			isa = PBXGroup;
			children = (
				512852502101061F00B032C7 /* GET_budcraftstorage_uploads_products_lloyds-bank_Llyods_Favicon-1_161201_091641.jpg */,
				5128524E210105C700B032C7 /* GET_v2_5b33bdb43200008f0ad1e256 */,
			);
			path = MockUpData;
			sourceTree = "<group>";
		};
		51285256210113B800B032C7 /* Main */ = {
			isa = PBXGroup;
			children = (
				51285257210113DA00B032C7 /* BudAPI.swift */,
			);
			path = Main;
			sourceTree = "<group>";
		};
		5128525921011A6C00B032C7 /* BudAPI */ = {
			isa = PBXGroup;
			children = (
				512852692101242800B032C7 /* Extensions */,
				5128525A21011A7500B032C7 /* Main */,
				5128526C2101297900B032C7 /* Models */,
			);
			path = BudAPI;
			sourceTree = "<group>";
		};
		5128525A21011A7500B032C7 /* Main */ = {
			isa = PBXGroup;
			children = (
				5128525B21011AAE00B032C7 /* BudAPITests.swift */,
			);
			path = Main;
			sourceTree = "<group>";
		};
		5128525D21011DD900B032C7 /* Models */ = {
			isa = PBXGroup;
			children = (
				5128526021011F4700B032C7 /* BudAPITransaction.swift */,
				51285262210120D500B032C7 /* BudAPITransactionAmount.swift */,
				5128525E21011E1500B032C7 /* BudAPITransactionListResponse.swift */,
				512852642101214300B032C7 /* BudAPITransactionProduct.swift */,
			);
			path = Models;
			sourceTree = "<group>";
		};
		512852662101239D00B032C7 /* Extensions */ = {
			isa = PBXGroup;
			children = (
				51285267210123C200B032C7 /* String+BudAPI.swift */,
				51AF6B372101665700507B2C /* Date+BudAPI.swift */,
			);
			path = Extensions;
			sourceTree = "<group>";
		};
		512852692101242800B032C7 /* Extensions */ = {
			isa = PBXGroup;
			children = (
				5128526A2101247900B032C7 /* String+BudAPITests.swift */,
				51AF6B3921016AA000507B2C /* Date+BudAPITests.swift */,
			);
			path = Extensions;
			sourceTree = "<group>";
		};
		5128526C2101297900B032C7 /* Models */ = {
			isa = PBXGroup;
			children = (
				5128526D21012A2900B032C7 /* BudTransactionListResponseTests.swift */,
			);
			path = Models;
			sourceTree = "<group>";
		};
		5128526F210133CA00B032C7 /* CacheAPI */ = {
			isa = PBXGroup;
			children = (
				512852702101340400B032C7 /* CacheAPI.swift */,
				512852722101346F00B032C7 /* CacheAPIImageResponse.swift */,
			);
			path = CacheAPI;
			sourceTree = "<group>";
		};
		512852742101356C00B032C7 /* CacheAPI */ = {
			isa = PBXGroup;
			children = (
				512852752101358600B032C7 /* CacheAPITests.swift */,
			);
			path = CacheAPI;
			sourceTree = "<group>";
		};
		5128527721013A3B00B032C7 /* ViewControllers */ = {
			isa = PBXGroup;
			children = (
				5128527A21013BED00B032C7 /* TransactionCell.swift */,
			);
			path = ViewControllers;
			sourceTree = "<group>";
		};
		5128527821013A5400B032C7 /* Storyboards */ = {
			isa = PBXGroup;
			children = (
				5128520F21006E6700B032C7 /* Main.storyboard */,
				5128521421006E6900B032C7 /* LaunchScreen.storyboard */,
			);
			path = Storyboards;
			sourceTree = "<group>";
		};
		5128527921013A6400B032C7 /* TableViewCells */ = {
			isa = PBXGroup;
			children = (
				5128520D21006E6700B032C7 /* TransactionListViewController.swift */,
			);
			path = TableViewCells;
			sourceTree = "<group>";
		};
/* End PBXGroup section */

/* Begin PBXNativeTarget section */
		5128520721006E6700B032C7 /* BudTransactionList */ = {
			isa = PBXNativeTarget;
			buildConfigurationList = 5128523021006E6A00B032C7 /* Build configuration list for PBXNativeTarget "BudTransactionList" */;
			buildPhases = (
				5128520421006E6700B032C7 /* Sources */,
				5128520521006E6700B032C7 /* Frameworks */,
				5128520621006E6700B032C7 /* Resources */,
			);
			buildRules = (
			);
			dependencies = (
			);
			name = BudTransactionList;
			productName = BudTransactionList;
			productReference = 5128520821006E6700B032C7 /* BudTransactionList.app */;
			productType = "com.apple.product-type.application";
		};
		5128521B21006E6900B032C7 /* BudTransactionListTests */ = {
			isa = PBXNativeTarget;
			buildConfigurationList = 5128523321006E6A00B032C7 /* Build configuration list for PBXNativeTarget "BudTransactionListTests" */;
			buildPhases = (
				5128521821006E6900B032C7 /* Sources */,
				5128521921006E6900B032C7 /* Frameworks */,
				5128521A21006E6900B032C7 /* Resources */,
			);
			buildRules = (
			);
			dependencies = (
				5128521E21006E6900B032C7 /* PBXTargetDependency */,
			);
			name = BudTransactionListTests;
			productName = BudTransactionListTests;
			productReference = 5128521C21006E6900B032C7 /* BudTransactionListTests.xctest */;
			productType = "com.apple.product-type.bundle.unit-test";
		};
		5128522621006E6A00B032C7 /* BudTransactionListUITests */ = {
			isa = PBXNativeTarget;
			buildConfigurationList = 5128523621006E6A00B032C7 /* Build configuration list for PBXNativeTarget "BudTransactionListUITests" */;
			buildPhases = (
				5128522321006E6A00B032C7 /* Sources */,
				5128522421006E6A00B032C7 /* Frameworks */,
				5128522521006E6A00B032C7 /* Resources */,
			);
			buildRules = (
			);
			dependencies = (
				5128522921006E6A00B032C7 /* PBXTargetDependency */,
			);
			name = BudTransactionListUITests;
			productName = BudTransactionListUITests;
			productReference = 5128522721006E6A00B032C7 /* BudTransactionListUITests.xctest */;
			productType = "com.apple.product-type.bundle.ui-testing";
		};
/* End PBXNativeTarget section */

/* Begin PBXProject section */
		5128520021006E6700B032C7 /* Project object */ = {
			isa = PBXProject;
			attributes = {
				LastSwiftUpdateCheck = 0940;
				LastUpgradeCheck = 0940;
				ORGANIZATIONNAME = alexmalkov;
				TargetAttributes = {
					5128520721006E6700B032C7 = {
						CreatedOnToolsVersion = 9.4.1;
					};
					5128521B21006E6900B032C7 = {
						CreatedOnToolsVersion = 9.4.1;
						TestTargetID = 5128520721006E6700B032C7;
					};
					5128522621006E6A00B032C7 = {
						CreatedOnToolsVersion = 9.4.1;
						TestTargetID = 5128520721006E6700B032C7;
					};
				};
			};
			buildConfigurationList = 5128520321006E6700B032C7 /* Build configuration list for PBXProject "BudTransactionList" */;
			compatibilityVersion = "Xcode 9.3";
			developmentRegion = en;
			hasScannedForEncodings = 0;
			knownRegions = (
				en,
				Base,
			);
			mainGroup = 512851FF21006E6700B032C7;
			productRefGroup = 5128520921006E6700B032C7 /* Products */;
			projectDirPath = "";
			projectRoot = "";
			targets = (
				5128520721006E6700B032C7 /* BudTransactionList */,
				5128521B21006E6900B032C7 /* BudTransactionListTests */,
				5128522621006E6A00B032C7 /* BudTransactionListUITests */,
			);
		};
/* End PBXProject section */

/* Begin PBXResourcesBuildPhase section */
		5128520621006E6700B032C7 /* Resources */ = {
			isa = PBXResourcesBuildPhase;
			buildActionMask = 2147483647;
			files = (
				5128521621006E6900B032C7 /* LaunchScreen.storyboard in Resources */,
				512852532101067100B032C7 /* GET_v2_5b33bdb43200008f0ad1e256 in Resources */,
				512852522101067100B032C7 /* GET_budcraftstorage_uploads_products_lloyds-bank_Llyods_Favicon-1_161201_091641.jpg in Resources */,
				5128521321006E6900B032C7 /* Assets.xcassets in Resources */,
				5128521121006E6700B032C7 /* Main.storyboard in Resources */,
			);
			runOnlyForDeploymentPostprocessing = 0;
		};
		5128521A21006E6900B032C7 /* Resources */ = {
			isa = PBXResourcesBuildPhase;
			buildActionMask = 2147483647;
			files = (
				5128524F210105C700B032C7 /* GET_v2_5b33bdb43200008f0ad1e256 in Resources */,
				512852512101061F00B032C7 /* GET_budcraftstorage_uploads_products_lloyds-bank_Llyods_Favicon-1_161201_091641.jpg in Resources */,
			);
			runOnlyForDeploymentPostprocessing = 0;
		};
		5128522521006E6A00B032C7 /* Resources */ = {
			isa = PBXResourcesBuildPhase;
			buildActionMask = 2147483647;
			files = (
				512852542101067200B032C7 /* GET_budcraftstorage_uploads_products_lloyds-bank_Llyods_Favicon-1_161201_091641.jpg in Resources */,
				512852552101067200B032C7 /* GET_v2_5b33bdb43200008f0ad1e256 in Resources */,
			);
			runOnlyForDeploymentPostprocessing = 0;
		};
/* End PBXResourcesBuildPhase section */

/* Begin PBXSourcesBuildPhase section */
		5128520421006E6700B032C7 /* Sources */ = {
			isa = PBXSourcesBuildPhase;
			buildActionMask = 2147483647;
			files = (
				5128527B21013BED00B032C7 /* TransactionCell.swift in Sources */,
				5128520E21006E6700B032C7 /* TransactionListViewController.swift in Sources */,
				512852402100F7E100B032C7 /* MocableURLSession.swift in Sources */,
				51285268210123C200B032C7 /* String+BudAPI.swift in Sources */,
				512852442100F83000B032C7 /* URLMockable.swift in Sources */,
				512852732101346F00B032C7 /* CacheAPIImageResponse.swift in Sources */,
				512852652101214300B032C7 /* BudAPITransactionProduct.swift in Sources */,
				5128525F21011E1500B032C7 /* BudAPITransactionListResponse.swift in Sources */,
				512852422100F80600B032C7 /* MockableURLSessionDataTask.swift in Sources */,
				51285263210120D500B032C7 /* BudAPITransactionAmount.swift in Sources */,
				51AF6B382101665700507B2C /* Date+BudAPI.swift in Sources */,
				5128526121011F4700B032C7 /* BudAPITransaction.swift in Sources */,
				51285258210113DA00B032C7 /* BudAPI.swift in Sources */,
				5128520C21006E6700B032C7 /* AppDelegate.swift in Sources */,
				512852712101340400B032C7 /* CacheAPI.swift in Sources */,
				51AF6B362101500700507B2C /* TransactionManager.swift in Sources */,
			);
			runOnlyForDeploymentPostprocessing = 0;
		};
		5128521821006E6900B032C7 /* Sources */ = {
			isa = PBXSourcesBuildPhase;
			buildActionMask = 2147483647;
			files = (
				5128524C2101024700B032C7 /* MockableURLSessionTests.swift in Sources */,
				5128522121006E6900B032C7 /* BudTransactionListTests.swift in Sources */,
				5128526E21012A2900B032C7 /* BudTransactionListResponseTests.swift in Sources */,
				51AF6B3A21016AA000507B2C /* Date+BudAPITests.swift in Sources */,
				5128524A2101021000B032C7 /* MockableURLSessionDataTaskTests.swift in Sources */,
				512852482101011A00B032C7 /* URLMockableTests.swift in Sources */,
				5128525C21011AAE00B032C7 /* BudAPITests.swift in Sources */,
				5128526B2101247900B032C7 /* String+BudAPITests.swift in Sources */,
				512852762101358600B032C7 /* CacheAPITests.swift in Sources */,
			);
			runOnlyForDeploymentPostprocessing = 0;
		};
		5128522321006E6A00B032C7 /* Sources */ = {
			isa = PBXSourcesBuildPhase;
			buildActionMask = 2147483647;
			files = (
				5128522C21006E6A00B032C7 /* BudTransactionListUITests.swift in Sources */,
			);
			runOnlyForDeploymentPostprocessing = 0;
		};
/* End PBXSourcesBuildPhase section */

/* Begin PBXTargetDependency section */
		5128521E21006E6900B032C7 /* PBXTargetDependency */ = {
			isa = PBXTargetDependency;
			target = 5128520721006E6700B032C7 /* BudTransactionList */;
			targetProxy = 5128521D21006E6900B032C7 /* PBXContainerItemProxy */;
		};
		5128522921006E6A00B032C7 /* PBXTargetDependency */ = {
			isa = PBXTargetDependency;
			target = 5128520721006E6700B032C7 /* BudTransactionList */;
			targetProxy = 5128522821006E6A00B032C7 /* PBXContainerItemProxy */;
		};
/* End PBXTargetDependency section */

/* Begin PBXVariantGroup section */
		5128520F21006E6700B032C7 /* Main.storyboard */ = {
			isa = PBXVariantGroup;
			children = (
				5128521021006E6700B032C7 /* Base */,
			);
			name = Main.storyboard;
			sourceTree = "<group>";
		};
		5128521421006E6900B032C7 /* LaunchScreen.storyboard */ = {
			isa = PBXVariantGroup;
			children = (
				5128521521006E6900B032C7 /* Base */,
			);
			name = LaunchScreen.storyboard;
			sourceTree = "<group>";
		};
/* End PBXVariantGroup section */

/* Begin XCBuildConfiguration section */
		5128522E21006E6A00B032C7 /* Debug */ = {
			isa = XCBuildConfiguration;
			buildSettings = {
				ALWAYS_SEARCH_USER_PATHS = NO;
				CLANG_ANALYZER_NONNULL = YES;
				CLANG_ANALYZER_NUMBER_OBJECT_CONVERSION = YES_AGGRESSIVE;
				CLANG_CXX_LANGUAGE_STANDARD = "gnu++14";
				CLANG_CXX_LIBRARY = "libc++";
				CLANG_ENABLE_MODULES = YES;
				CLANG_ENABLE_OBJC_ARC = YES;
				CLANG_ENABLE_OBJC_WEAK = YES;
				CLANG_WARN_BLOCK_CAPTURE_AUTORELEASING = YES;
				CLANG_WARN_BOOL_CONVERSION = YES;
				CLANG_WARN_COMMA = YES;
				CLANG_WARN_CONSTANT_CONVERSION = YES;
				CLANG_WARN_DEPRECATED_OBJC_IMPLEMENTATIONS = YES;
				CLANG_WARN_DIRECT_OBJC_ISA_USAGE = YES_ERROR;
				CLANG_WARN_DOCUMENTATION_COMMENTS = YES;
				CLANG_WARN_EMPTY_BODY = YES;
				CLANG_WARN_ENUM_CONVERSION = YES;
				CLANG_WARN_INFINITE_RECURSION = YES;
				CLANG_WARN_INT_CONVERSION = YES;
				CLANG_WARN_NON_LITERAL_NULL_CONVERSION = YES;
				CLANG_WARN_OBJC_IMPLICIT_RETAIN_SELF = YES;
				CLANG_WARN_OBJC_LITERAL_CONVERSION = YES;
				CLANG_WARN_OBJC_ROOT_CLASS = YES_ERROR;
				CLANG_WARN_RANGE_LOOP_ANALYSIS = YES;
				CLANG_WARN_STRICT_PROTOTYPES = YES;
				CLANG_WARN_SUSPICIOUS_MOVE = YES;
				CLANG_WARN_UNGUARDED_AVAILABILITY = YES_AGGRESSIVE;
				CLANG_WARN_UNREACHABLE_CODE = YES;
				CLANG_WARN__DUPLICATE_METHOD_MATCH = YES;
				CODE_SIGN_IDENTITY = "iPhone Developer";
				COPY_PHASE_STRIP = NO;
				DEBUG_INFORMATION_FORMAT = dwarf;
				ENABLE_STRICT_OBJC_MSGSEND = YES;
				ENABLE_TESTABILITY = YES;
				GCC_C_LANGUAGE_STANDARD = gnu11;
				GCC_DYNAMIC_NO_PIC = NO;
				GCC_NO_COMMON_BLOCKS = YES;
				GCC_OPTIMIZATION_LEVEL = 0;
				GCC_PREPROCESSOR_DEFINITIONS = (
					"DEBUG=1",
					"$(inherited)",
				);
				GCC_WARN_64_TO_32_BIT_CONVERSION = YES;
				GCC_WARN_ABOUT_RETURN_TYPE = YES_ERROR;
				GCC_WARN_UNDECLARED_SELECTOR = YES;
				GCC_WARN_UNINITIALIZED_AUTOS = YES_AGGRESSIVE;
				GCC_WARN_UNUSED_FUNCTION = YES;
				GCC_WARN_UNUSED_VARIABLE = YES;
				IPHONEOS_DEPLOYMENT_TARGET = 11.4;
				MTL_ENABLE_DEBUG_INFO = YES;
				ONLY_ACTIVE_ARCH = YES;
				SDKROOT = iphoneos;
				SWIFT_ACTIVE_COMPILATION_CONDITIONS = DEBUG;
				SWIFT_OPTIMIZATION_LEVEL = "-Onone";
			};
			name = Debug;
		};
		5128522F21006E6A00B032C7 /* Release */ = {
			isa = XCBuildConfiguration;
			buildSettings = {
				ALWAYS_SEARCH_USER_PATHS = NO;
				CLANG_ANALYZER_NONNULL = YES;
				CLANG_ANALYZER_NUMBER_OBJECT_CONVERSION = YES_AGGRESSIVE;
				CLANG_CXX_LANGUAGE_STANDARD = "gnu++14";
				CLANG_CXX_LIBRARY = "libc++";
				CLANG_ENABLE_MODULES = YES;
				CLANG_ENABLE_OBJC_ARC = YES;
				CLANG_ENABLE_OBJC_WEAK = YES;
				CLANG_WARN_BLOCK_CAPTURE_AUTORELEASING = YES;
				CLANG_WARN_BOOL_CONVERSION = YES;
				CLANG_WARN_COMMA = YES;
				CLANG_WARN_CONSTANT_CONVERSION = YES;
				CLANG_WARN_DEPRECATED_OBJC_IMPLEMENTATIONS = YES;
				CLANG_WARN_DIRECT_OBJC_ISA_USAGE = YES_ERROR;
				CLANG_WARN_DOCUMENTATION_COMMENTS = YES;
				CLANG_WARN_EMPTY_BODY = YES;
				CLANG_WARN_ENUM_CONVERSION = YES;
				CLANG_WARN_INFINITE_RECURSION = YES;
				CLANG_WARN_INT_CONVERSION = YES;
				CLANG_WARN_NON_LITERAL_NULL_CONVERSION = YES;
				CLANG_WARN_OBJC_IMPLICIT_RETAIN_SELF = YES;
				CLANG_WARN_OBJC_LITERAL_CONVERSION = YES;
				CLANG_WARN_OBJC_ROOT_CLASS = YES_ERROR;
				CLANG_WARN_RANGE_LOOP_ANALYSIS = YES;
				CLANG_WARN_STRICT_PROTOTYPES = YES;
				CLANG_WARN_SUSPICIOUS_MOVE = YES;
				CLANG_WARN_UNGUARDED_AVAILABILITY = YES_AGGRESSIVE;
				CLANG_WARN_UNREACHABLE_CODE = YES;
				CLANG_WARN__DUPLICATE_METHOD_MATCH = YES;
				CODE_SIGN_IDENTITY = "iPhone Developer";
				COPY_PHASE_STRIP = NO;
				DEBUG_INFORMATION_FORMAT = "dwarf-with-dsym";
				ENABLE_NS_ASSERTIONS = NO;
				ENABLE_STRICT_OBJC_MSGSEND = YES;
				GCC_C_LANGUAGE_STANDARD = gnu11;
				GCC_NO_COMMON_BLOCKS = YES;
				GCC_WARN_64_TO_32_BIT_CONVERSION = YES;
				GCC_WARN_ABOUT_RETURN_TYPE = YES_ERROR;
				GCC_WARN_UNDECLARED_SELECTOR = YES;
				GCC_WARN_UNINITIALIZED_AUTOS = YES_AGGRESSIVE;
				GCC_WARN_UNUSED_FUNCTION = YES;
				GCC_WARN_UNUSED_VARIABLE = YES;
				IPHONEOS_DEPLOYMENT_TARGET = 11.4;
				MTL_ENABLE_DEBUG_INFO = NO;
				SDKROOT = iphoneos;
				SWIFT_COMPILATION_MODE = wholemodule;
				SWIFT_OPTIMIZATION_LEVEL = "-O";
				VALIDATE_PRODUCT = YES;
			};
			name = Release;
		};
		5128523121006E6A00B032C7 /* Debug */ = {
			isa = XCBuildConfiguration;
			buildSettings = {
				ASSETCATALOG_COMPILER_APPICON_NAME = AppIcon;
				CODE_SIGN_STYLE = Automatic;
				DEVELOPMENT_TEAM = C2UFGA4H52;
				INFOPLIST_FILE = BudTransactionList/Main/Info.plist;
				LD_RUNPATH_SEARCH_PATHS = (
					"$(inherited)",
					"@executable_path/Frameworks",
				);
				PRODUCT_BUNDLE_IDENTIFIER = alexmalkov.BudTransactionList;
				PRODUCT_NAME = "$(TARGET_NAME)";
				SWIFT_VERSION = 4.0;
				TARGETED_DEVICE_FAMILY = "1,2";
			};
			name = Debug;
		};
		5128523221006E6A00B032C7 /* Release */ = {
			isa = XCBuildConfiguration;
			buildSettings = {
				ASSETCATALOG_COMPILER_APPICON_NAME = AppIcon;
				CODE_SIGN_STYLE = Automatic;
				DEVELOPMENT_TEAM = C2UFGA4H52;
				INFOPLIST_FILE = BudTransactionList/Main/Info.plist;
				LD_RUNPATH_SEARCH_PATHS = (
					"$(inherited)",
					"@executable_path/Frameworks",
				);
				PRODUCT_BUNDLE_IDENTIFIER = alexmalkov.BudTransactionList;
				PRODUCT_NAME = "$(TARGET_NAME)";
				SWIFT_VERSION = 4.0;
				TARGETED_DEVICE_FAMILY = "1,2";
			};
			name = Release;
		};
		5128523421006E6A00B032C7 /* Debug */ = {
			isa = XCBuildConfiguration;
			buildSettings = {
				ALWAYS_EMBED_SWIFT_STANDARD_LIBRARIES = YES;
				BUNDLE_LOADER = "$(TEST_HOST)";
				CODE_SIGN_STYLE = Automatic;
				DEVELOPMENT_TEAM = C2UFGA4H52;
				INFOPLIST_FILE = BudTransactionListTests/Info.plist;
				LD_RUNPATH_SEARCH_PATHS = (
					"$(inherited)",
					"@executable_path/Frameworks",
					"@loader_path/Frameworks",
				);
				PRODUCT_BUNDLE_IDENTIFIER = alexmalkov.BudTransactionListTests;
				PRODUCT_NAME = "$(TARGET_NAME)";
				SWIFT_VERSION = 4.0;
				TARGETED_DEVICE_FAMILY = "1,2";
				TEST_HOST = "$(BUILT_PRODUCTS_DIR)/BudTransactionList.app/BudTransactionList";
			};
			name = Debug;
		};
		5128523521006E6A00B032C7 /* Release */ = {
			isa = XCBuildConfiguration;
			buildSettings = {
				ALWAYS_EMBED_SWIFT_STANDARD_LIBRARIES = YES;
				BUNDLE_LOADER = "$(TEST_HOST)";
				CODE_SIGN_STYLE = Automatic;
				DEVELOPMENT_TEAM = C2UFGA4H52;
				INFOPLIST_FILE = BudTransactionListTests/Info.plist;
				LD_RUNPATH_SEARCH_PATHS = (
					"$(inherited)",
					"@executable_path/Frameworks",
					"@loader_path/Frameworks",
				);
				PRODUCT_BUNDLE_IDENTIFIER = alexmalkov.BudTransactionListTests;
				PRODUCT_NAME = "$(TARGET_NAME)";
				SWIFT_VERSION = 4.0;
				TARGETED_DEVICE_FAMILY = "1,2";
				TEST_HOST = "$(BUILT_PRODUCTS_DIR)/BudTransactionList.app/BudTransactionList";
			};
			name = Release;
		};
		5128523721006E6A00B032C7 /* Debug */ = {
			isa = XCBuildConfiguration;
			buildSettings = {
				ALWAYS_EMBED_SWIFT_STANDARD_LIBRARIES = YES;
				CODE_SIGN_STYLE = Automatic;
				DEVELOPMENT_TEAM = C2UFGA4H52;
				INFOPLIST_FILE = BudTransactionListUITests/Info.plist;
				LD_RUNPATH_SEARCH_PATHS = (
					"$(inherited)",
					"@executable_path/Frameworks",
					"@loader_path/Frameworks",
				);
				PRODUCT_BUNDLE_IDENTIFIER = alexmalkov.BudTransactionListUITests;
				PRODUCT_NAME = "$(TARGET_NAME)";
				SWIFT_VERSION = 4.0;
				TARGETED_DEVICE_FAMILY = "1,2";
				TEST_TARGET_NAME = BudTransactionList;
			};
			name = Debug;
		};
		5128523821006E6A00B032C7 /* Release */ = {
			isa = XCBuildConfiguration;
			buildSettings = {
				ALWAYS_EMBED_SWIFT_STANDARD_LIBRARIES = YES;
				CODE_SIGN_STYLE = Automatic;
				DEVELOPMENT_TEAM = C2UFGA4H52;
				INFOPLIST_FILE = BudTransactionListUITests/Info.plist;
				LD_RUNPATH_SEARCH_PATHS = (
					"$(inherited)",
					"@executable_path/Frameworks",
					"@loader_path/Frameworks",
				);
				PRODUCT_BUNDLE_IDENTIFIER = alexmalkov.BudTransactionListUITests;
				PRODUCT_NAME = "$(TARGET_NAME)";
				SWIFT_VERSION = 4.0;
				TARGETED_DEVICE_FAMILY = "1,2";
				TEST_TARGET_NAME = BudTransactionList;
			};
			name = Release;
		};
/* End XCBuildConfiguration section */

/* Begin XCConfigurationList section */
		5128520321006E6700B032C7 /* Build configuration list for PBXProject "BudTransactionList" */ = {
			isa = XCConfigurationList;
			buildConfigurations = (
				5128522E21006E6A00B032C7 /* Debug */,
				5128522F21006E6A00B032C7 /* Release */,
			);
			defaultConfigurationIsVisible = 0;
			defaultConfigurationName = Release;
		};
		5128523021006E6A00B032C7 /* Build configuration list for PBXNativeTarget "BudTransactionList" */ = {
			isa = XCConfigurationList;
			buildConfigurations = (
				5128523121006E6A00B032C7 /* Debug */,
				5128523221006E6A00B032C7 /* Release */,
			);
			defaultConfigurationIsVisible = 0;
			defaultConfigurationName = Release;
		};
		5128523321006E6A00B032C7 /* Build configuration list for PBXNativeTarget "BudTransactionListTests" */ = {
			isa = XCConfigurationList;
			buildConfigurations = (
				5128523421006E6A00B032C7 /* Debug */,
				5128523521006E6A00B032C7 /* Release */,
			);
			defaultConfigurationIsVisible = 0;
			defaultConfigurationName = Release;
		};
		5128523621006E6A00B032C7 /* Build configuration list for PBXNativeTarget "BudTransactionListUITests" */ = {
			isa = XCConfigurationList;
			buildConfigurations = (
				5128523721006E6A00B032C7 /* Debug */,
				5128523821006E6A00B032C7 /* Release */,
			);
			defaultConfigurationIsVisible = 0;
			defaultConfigurationName = Release;
		};
/* End XCConfigurationList section */
	};
	rootObject = 5128520021006E6700B032C7 /* Project object */;
}
