// !$*UTF8*$!
{
	archiveVersion = 1;
	classes = {
	};
	objectVersion = 50;
	objects = {

/* Begin PBXBuildFile section */
		5128520C21006E6700B032C7 /* AppDelegate.swift in Sources */ = {isa = PBXBuildFile; fileRef = 5128520B21006E6700B032C7 /* AppDelegate.swift */; };
		5128520E21006E6700B032C7 /* ViewController.swift in Sources */ = {isa = PBXBuildFile; fileRef = 5128520D21006E6700B032C7 /* ViewController.swift */; };
		5128521121006E6700B032C7 /* Main.storyboard in Resources */ = {isa = PBXBuildFile; fileRef = 5128520F21006E6700B032C7 /* Main.storyboard */; };
		5128521321006E6900B032C7 /* Assets.xcassets in Resources */ = {isa = PBXBuildFile; fileRef = 5128521221006E6900B032C7 /* Assets.xcassets */; };
		5128521621006E6900B032C7 /* LaunchScreen.storyboard in Resources */ = {isa = PBXBuildFile; fileRef = 5128521421006E6900B032C7 /* LaunchScreen.storyboard */; };
		5128522121006E6900B032C7 /* BudTransactionListTests.swift in Sources */ = {isa = PBXBuildFile; fileRef = 5128522021006E6900B032C7 /* BudTransactionListTests.swift */; };
		5128522C21006E6A00B032C7 /* BudTransactionListUITests.swift in Sources */ = {isa = PBXBuildFile; fileRef = 5128522B21006E6A00B032C7 /* BudTransactionListUITests.swift */; };
/* End PBXBuildFile section */

/* Begin PBXContainerItemProxy section */
		5128521D21006E6900B032C7 /* PBXContainerItemProxy */ = {
			isa = PBXContainerItemProxy;
			containerPortal = 5128520021006E6700B032C7 /* Project object */;
			proxyType = 1;
			remoteGlobalIDString = 5128520721006E6700B032C7;
			remoteInfo = BudTransactionList;
		};
		5128522821006E6A00B032C7 /* PBXContainerItemProxy */ = {
			isa = PBXContainerItemProxy;
			containerPortal = 5128520021006E6700B032C7 /* Project object */;
			proxyType = 1;
			remoteGlobalIDString = 5128520721006E6700B032C7;
			remoteInfo = BudTransactionList;
		};
/* End PBXContainerItemProxy section */

/* Begin PBXFileReference section */
		5128520821006E6700B032C7 /* BudTransactionList.app */ = {isa = PBXFileReference; explicitFileType = wrapper.application; includeInIndex = 0; path = BudTransactionList.app; sourceTree = BUILT_PRODUCTS_DIR; };
		5128520B21006E6700B032C7 /* AppDelegate.swift */ = {isa = PBXFileReference; lastKnownFileType = sourcecode.swift; path = AppDelegate.swift; sourceTree = "<group>"; };
		5128520D21006E6700B032C7 /* ViewController.swift */ = {isa = PBXFileReference; lastKnownFileType = sourcecode.swift; path = ViewController.swift; sourceTree = "<group>"; };
		5128521021006E6700B032C7 /* Base */ = {isa = PBXFileReference; lastKnownFileType = file.storyboard; name = Base; path = Base.lproj/Main.storyboard; sourceTree = "<group>"; };
		5128521221006E6900B032C7 /* Assets.xcassets */ = {isa = PBXFileReference; lastKnownFileType = folder.assetcatalog; path = Assets.xcassets; sourceTree = "<group>"; };
		5128521521006E6900B032C7 /* Base */ = {isa = PBXFileReference; lastKnownFileType = file.storyboard; name = Base; path = Base.lproj/LaunchScreen.storyboard; sourceTree = "<group>"; };
		5128521721006E6900B032C7 /* Info.plist */ = {isa = PBXFileReference; lastKnownFileType = text.plist.xml; path = Info.plist; sourceTree = "<group>"; };
		5128521C21006E6900B032C7 /* BudTransactionListTests.xctest */ = {isa = PBXFileReference; explicitFileType = wrapper.cfbundle; includeInIndex = 0; path = BudTransactionListTests.xctest; sourceTree = BUILT_PRODUCTS_DIR; };
		5128522021006E6900B032C7 /* BudTransactionListTests.swift */ = {isa = PBXFileReference; lastKnownFileType = sourcecode.swift; path = BudTransactionListTests.swift; sourceTree = "<group>"; };
		5128522221006E6A00B032C7 /* Info.plist */ = {isa = PBXFileReference; lastKnownFileType = text.plist.xml; path = Info.plist; sourceTree = "<group>"; };
		5128522721006E6A00B032C7 /* BudTransactionListUITests.xctest */ = {isa = PBXFileReference; explicitFileType = wrapper.cfbundle; includeInIndex = 0; path = BudTransactionListUITests.xctest; sourceTree = BUILT_PRODUCTS_DIR; };
		5128522B21006E6A00B032C7 /* BudTransactionListUITests.swift */ = {isa = PBXFileReference; lastKnownFileType = sourcecode.swift; path = BudTransactionListUITests.swift; sourceTree = "<group>"; };
		5128522D21006E6A00B032C7 /* Info.plist */ = {isa = PBXFileReference; lastKnownFileType = text.plist.xml; path = Info.plist; sourceTree = "<group>"; };
/* End PBXFileReference section */

/* Begin PBXFrameworksBuildPhase section */
		5128520521006E6700B032C7 /* Frameworks */ = {
			isa = PBXFrameworksBuildPhase;
			buildActionMask = 2147483647;
			files = (
			);
			runOnlyForDeploymentPostprocessing = 0;
		};
		5128521921006E6900B032C7 /* Frameworks */ = {
			isa = PBXFrameworksBuildPhase;
			buildActionMask = 2147483647;
			files = (
			);
			runOnlyForDeploymentPostprocessing = 0;
		};
		5128522421006E6A00B032C7 /* Frameworks */ = {
			isa = PBXFrameworksBuildPhase;
			buildActionMask = 2147483647;
			files = (
			);
			runOnlyForDeploymentPostprocessing = 0;
		};
/* End PBXFrameworksBuildPhase section */

/* Begin PBXGroup section */
		512851FF21006E6700B032C7 = {
			isa = PBXGroup;
			children = (
				5128520A21006E6700B032C7 /* BudTransactionList */,
				5128521F21006E6900B032C7 /* BudTransactionListTests */,
				5128522A21006E6A00B032C7 /* BudTransactionListUITests */,
				5128520921006E6700B032C7 /* Products */,
			);
			sourceTree = "<group>";
		};
		5128520921006E6700B032C7 /* Products */ = {
			isa = PBXGroup;
			children = (
				5128520821006E6700B032C7 /* BudTransactionList.app */,
				5128521C21006E6900B032C7 /* BudTransactionListTests.xctest */,
				5128522721006E6A00B032C7 /* BudTransactionListUITests.xctest */,
			);
			name = Products;
			sourceTree = "<group>";
		};
		5128520A21006E6700B032C7 /* BudTransactionList */ = {
			isa = PBXGroup;
			children = (
				5128523C21006FD100B032C7 /* Main */,
				5128523B21006FBD00B032C7 /* BusinessLayer */,
				5128523A21006FB400B032C7 /* UILayer */,
				5128523921006FA500B032C7 /* DataLayer */,
			);
			path = BudTransactionList;
			sourceTree = "<group>";
		};
		5128521F21006E6900B032C7 /* BudTransactionListTests */ = {
			isa = PBXGroup;
			children = (
				5128522021006E6900B032C7 /* BudTransactionListTests.swift */,
				5128522221006E6A00B032C7 /* Info.plist */,
			);
			path = BudTransactionListTests;
			sourceTree = "<group>";
		};
		5128522A21006E6A00B032C7 /* BudTransactionListUITests */ = {
			isa = PBXGroup;
			children = (
				5128522B21006E6A00B032C7 /* BudTransactionListUITests.swift */,
				5128522D21006E6A00B032C7 /* Info.plist */,
			);
			path = BudTransactionListUITests;
			sourceTree = "<group>";
		};
		5128523921006FA500B032C7 /* DataLayer */ = {
			isa = PBXGroup;
			children = (
			);
			path = DataLayer;
			sourceTree = "<group>";
		};
		5128523A21006FB400B032C7 /* UILayer */ = {
			isa = PBXGroup;
			children = (
				5128521421006E6900B032C7 /* LaunchScreen.storyboard */,
				5128520F21006E6700B032C7 /* Main.storyboard */,
				5128520D21006E6700B032C7 /* ViewController.swift */,
			);
			path = UILayer;
			sourceTree = "<group>";
		};
		5128523B21006FBD00B032C7 /* BusinessLayer */ = {
			isa = PBXGroup;
			children = (
			);
			path = BusinessLayer;
			sourceTree = "<group>";
		};
		5128523C21006FD100B032C7 /* Main */ = {
			isa = PBXGroup;
			children = (
				5128521721006E6900B032C7 /* Info.plist */,
				5128521221006E6900B032C7 /* Assets.xcassets */,
				5128520B21006E6700B032C7 /* AppDelegate.swift */,
			);
			path = Main;
			sourceTree = "<group>";
		};
/* End PBXGroup section */

/* Begin PBXNativeTarget section */
		5128520721006E6700B032C7 /* BudTransactionList */ = {
			isa = PBXNativeTarget;
			buildConfigurationList = 5128523021006E6A00B032C7 /* Build configuration list for PBXNativeTarget "BudTransactionList" */;
			buildPhases = (
				5128520421006E6700B032C7 /* Sources */,
				5128520521006E6700B032C7 /* Frameworks */,
				5128520621006E6700B032C7 /* Resources */,
			);
			buildRules = (
			);
			dependencies = (
			);
			name = BudTransactionList;
			productName = BudTransactionList;
			productReference = 5128520821006E6700B032C7 /* BudTransactionList.app */;
			productType = "com.apple.product-type.application";
		};
		5128521B21006E6900B032C7 /* BudTransactionListTests */ = {
			isa = PBXNativeTarget;
			buildConfigurationList = 5128523321006E6A00B032C7 /* Build configuration list for PBXNativeTarget "BudTransactionListTests" */;
			buildPhases = (
				5128521821006E6900B032C7 /* Sources */,
				5128521921006E6900B032C7 /* Frameworks */,
				5128521A21006E6900B032C7 /* Resources */,
			);
			buildRules = (
			);
			dependencies = (
				5128521E21006E6900B032C7 /* PBXTargetDependency */,
			);
			name = BudTransactionListTests;
			productName = BudTransactionListTests;
			productReference = 5128521C21006E6900B032C7 /* BudTransactionListTests.xctest */;
			productType = "com.apple.product-type.bundle.unit-test";
		};
		5128522621006E6A00B032C7 /* BudTransactionListUITests */ = {
			isa = PBXNativeTarget;
			buildConfigurationList = 5128523621006E6A00B032C7 /* Build configuration list for PBXNativeTarget "BudTransactionListUITests" */;
			buildPhases = (
				5128522321006E6A00B032C7 /* Sources */,
				5128522421006E6A00B032C7 /* Frameworks */,
				5128522521006E6A00B032C7 /* Resources */,
			);
			buildRules = (
			);
			dependencies = (
				5128522921006E6A00B032C7 /* PBXTargetDependency */,
			);
			name = BudTransactionListUITests;
			productName = BudTransactionListUITests;
			productReference = 5128522721006E6A00B032C7 /* BudTransactionListUITests.xctest */;
			productType = "com.apple.product-type.bundle.ui-testing";
		};
/* End PBXNativeTarget section */

/* Begin PBXProject section */
		5128520021006E6700B032C7 /* Project object */ = {
			isa = PBXProject;
			attributes = {
				LastSwiftUpdateCheck = 0940;
				LastUpgradeCheck = 0940;
				ORGANIZATIONNAME = alexmalkov;
				TargetAttributes = {
					5128520721006E6700B032C7 = {
						CreatedOnToolsVersion = 9.4.1;
					};
					5128521B21006E6900B032C7 = {
						CreatedOnToolsVersion = 9.4.1;
						TestTargetID = 5128520721006E6700B032C7;
					};
					5128522621006E6A00B032C7 = {
						CreatedOnToolsVersion = 9.4.1;
						TestTargetID = 5128520721006E6700B032C7;
					};
				};
			};
			buildConfigurationList = 5128520321006E6700B032C7 /* Build configuration list for PBXProject "BudTransactionList" */;
			compatibilityVersion = "Xcode 9.3";
			developmentRegion = en;
			hasScannedForEncodings = 0;
			knownRegions = (
				en,
				Base,
			);
			mainGroup = 512851FF21006E6700B032C7;
			productRefGroup = 5128520921006E6700B032C7 /* Products */;
			projectDirPath = "";
			projectRoot = "";
			targets = (
				5128520721006E6700B032C7 /* BudTransactionList */,
				5128521B21006E6900B032C7 /* BudTransactionListTests */,
				5128522621006E6A00B032C7 /* BudTransactionListUITests */,
			);
		};
/* End PBXProject section */

/* Begin PBXResourcesBuildPhase section */
		5128520621006E6700B032C7 /* Resources */ = {
			isa = PBXResourcesBuildPhase;
			buildActionMask = 2147483647;
			files = (
				5128521621006E6900B032C7 /* LaunchScreen.storyboard in Resources */,
				5128521321006E6900B032C7 /* Assets.xcassets in Resources */,
				5128521121006E6700B032C7 /* Main.storyboard in Resources */,
			);
			runOnlyForDeploymentPostprocessing = 0;
		};
		5128521A21006E6900B032C7 /* Resources */ = {
			isa = PBXResourcesBuildPhase;
			buildActionMask = 2147483647;
			files = (
			);
			runOnlyForDeploymentPostprocessing = 0;
		};
		5128522521006E6A00B032C7 /* Resources */ = {
			isa = PBXResourcesBuildPhase;
			buildActionMask = 2147483647;
			files = (
			);
			runOnlyForDeploymentPostprocessing = 0;
		};
/* End PBXResourcesBuildPhase section */

/* Begin PBXSourcesBuildPhase section */
		5128520421006E6700B032C7 /* Sources */ = {
			isa = PBXSourcesBuildPhase;
			buildActionMask = 2147483647;
			files = (
				5128520E21006E6700B032C7 /* ViewController.swift in Sources */,
				5128520C21006E6700B032C7 /* AppDelegate.swift in Sources */,
			);
			runOnlyForDeploymentPostprocessing = 0;
		};
		5128521821006E6900B032C7 /* Sources */ = {
			isa = PBXSourcesBuildPhase;
			buildActionMask = 2147483647;
			files = (
				5128522121006E6900B032C7 /* BudTransactionListTests.swift in Sources */,
			);
			runOnlyForDeploymentPostprocessing = 0;
		};
		5128522321006E6A00B032C7 /* Sources */ = {
			isa = PBXSourcesBuildPhase;
			buildActionMask = 2147483647;
			files = (
				5128522C21006E6A00B032C7 /* BudTransactionListUITests.swift in Sources */,
			);
			runOnlyForDeploymentPostprocessing = 0;
		};
/* End PBXSourcesBuildPhase section */

/* Begin PBXTargetDependency section */
		5128521E21006E6900B032C7 /* PBXTargetDependency */ = {
			isa = PBXTargetDependency;
			target = 5128520721006E6700B032C7 /* BudTransactionList */;
			targetProxy = 5128521D21006E6900B032C7 /* PBXContainerItemProxy */;
		};
		5128522921006E6A00B032C7 /* PBXTargetDependency */ = {
			isa = PBXTargetDependency;
			target = 5128520721006E6700B032C7 /* BudTransactionList */;
			targetProxy = 5128522821006E6A00B032C7 /* PBXContainerItemProxy */;
		};
/* End PBXTargetDependency section */

/* Begin PBXVariantGroup section */
		5128520F21006E6700B032C7 /* Main.storyboard */ = {
			isa = PBXVariantGroup;
			children = (
				5128521021006E6700B032C7 /* Base */,
			);
			name = Main.storyboard;
			sourceTree = "<group>";
		};
		5128521421006E6900B032C7 /* LaunchScreen.storyboard */ = {
			isa = PBXVariantGroup;
			children = (
				5128521521006E6900B032C7 /* Base */,
			);
			name = LaunchScreen.storyboard;
			sourceTree = "<group>";
		};
/* End PBXVariantGroup section */

/* Begin XCBuildConfiguration section */
		5128522E21006E6A00B032C7 /* Debug */ = {
			isa = XCBuildConfiguration;
			buildSettings = {
				ALWAYS_SEARCH_USER_PATHS = NO;
				CLANG_ANALYZER_NONNULL = YES;
				CLANG_ANALYZER_NUMBER_OBJECT_CONVERSION = YES_AGGRESSIVE;
				CLANG_CXX_LANGUAGE_STANDARD = "gnu++14";
				CLANG_CXX_LIBRARY = "libc++";
				CLANG_ENABLE_MODULES = YES;
				CLANG_ENABLE_OBJC_ARC = YES;
				CLANG_ENABLE_OBJC_WEAK = YES;
				CLANG_WARN_BLOCK_CAPTURE_AUTORELEASING = YES;
				CLANG_WARN_BOOL_CONVERSION = YES;
				CLANG_WARN_COMMA = YES;
				CLANG_WARN_CONSTANT_CONVERSION = YES;
				CLANG_WARN_DEPRECATED_OBJC_IMPLEMENTATIONS = YES;
				CLANG_WARN_DIRECT_OBJC_ISA_USAGE = YES_ERROR;
				CLANG_WARN_DOCUMENTATION_COMMENTS = YES;
				CLANG_WARN_EMPTY_BODY = YES;
				CLANG_WARN_ENUM_CONVERSION = YES;
				CLANG_WARN_INFINITE_RECURSION = YES;
				CLANG_WARN_INT_CONVERSION = YES;
				CLANG_WARN_NON_LITERAL_NULL_CONVERSION = YES;
				CLANG_WARN_OBJC_IMPLICIT_RETAIN_SELF = YES;
				CLANG_WARN_OBJC_LITERAL_CONVERSION = YES;
				CLANG_WARN_OBJC_ROOT_CLASS = YES_ERROR;
				CLANG_WARN_RANGE_LOOP_ANALYSIS = YES;
				CLANG_WARN_STRICT_PROTOTYPES = YES;
				CLANG_WARN_SUSPICIOUS_MOVE = YES;
				CLANG_WARN_UNGUARDED_AVAILABILITY = YES_AGGRESSIVE;
				CLANG_WARN_UNREACHABLE_CODE = YES;
				CLANG_WARN__DUPLICATE_METHOD_MATCH = YES;
				CODE_SIGN_IDENTITY = "iPhone Developer";
				COPY_PHASE_STRIP = NO;
				DEBUG_INFORMATION_FORMAT = dwarf;
				ENABLE_STRICT_OBJC_MSGSEND = YES;
				ENABLE_TESTABILITY = YES;
				GCC_C_LANGUAGE_STANDARD = gnu11;
				GCC_DYNAMIC_NO_PIC = NO;
				GCC_NO_COMMON_BLOCKS = YES;
				GCC_OPTIMIZATION_LEVEL = 0;
				GCC_PREPROCESSOR_DEFINITIONS = (
					"DEBUG=1",
					"$(inherited)",
				);
				GCC_WARN_64_TO_32_BIT_CONVERSION = YES;
				GCC_WARN_ABOUT_RETURN_TYPE = YES_ERROR;
				GCC_WARN_UNDECLARED_SELECTOR = YES;
				GCC_WARN_UNINITIALIZED_AUTOS = YES_AGGRESSIVE;
				GCC_WARN_UNUSED_FUNCTION = YES;
				GCC_WARN_UNUSED_VARIABLE = YES;
				IPHONEOS_DEPLOYMENT_TARGET = 11.4;
				MTL_ENABLE_DEBUG_INFO = YES;
				ONLY_ACTIVE_ARCH = YES;
				SDKROOT = iphoneos;
				SWIFT_ACTIVE_COMPILATION_CONDITIONS = DEBUG;
				SWIFT_OPTIMIZATION_LEVEL = "-Onone";
			};
			name = Debug;
		};
		5128522F21006E6A00B032C7 /* Release */ = {
			isa = XCBuildConfiguration;
			buildSettings = {
				ALWAYS_SEARCH_USER_PATHS = NO;
				CLANG_ANALYZER_NONNULL = YES;
				CLANG_ANALYZER_NUMBER_OBJECT_CONVERSION = YES_AGGRESSIVE;
				CLANG_CXX_LANGUAGE_STANDARD = "gnu++14";
				CLANG_CXX_LIBRARY = "libc++";
				CLANG_ENABLE_MODULES = YES;
				CLANG_ENABLE_OBJC_ARC = YES;
				CLANG_ENABLE_OBJC_WEAK = YES;
				CLANG_WARN_BLOCK_CAPTURE_AUTORELEASING = YES;
				CLANG_WARN_BOOL_CONVERSION = YES;
				CLANG_WARN_COMMA = YES;
				CLANG_WARN_CONSTANT_CONVERSION = YES;
				CLANG_WARN_DEPRECATED_OBJC_IMPLEMENTATIONS = YES;
				CLANG_WARN_DIRECT_OBJC_ISA_USAGE = YES_ERROR;
				CLANG_WARN_DOCUMENTATION_COMMENTS = YES;
				CLANG_WARN_EMPTY_BODY = YES;
				CLANG_WARN_ENUM_CONVERSION = YES;
				CLANG_WARN_INFINITE_RECURSION = YES;
				CLANG_WARN_INT_CONVERSION = YES;
				CLANG_WARN_NON_LITERAL_NULL_CONVERSION = YES;
				CLANG_WARN_OBJC_IMPLICIT_RETAIN_SELF = YES;
				CLANG_WARN_OBJC_LITERAL_CONVERSION = YES;
				CLANG_WARN_OBJC_ROOT_CLASS = YES_ERROR;
				CLANG_WARN_RANGE_LOOP_ANALYSIS = YES;
				CLANG_WARN_STRICT_PROTOTYPES = YES;
				CLANG_WARN_SUSPICIOUS_MOVE = YES;
				CLANG_WARN_UNGUARDED_AVAILABILITY = YES_AGGRESSIVE;
				CLANG_WARN_UNREACHABLE_CODE = YES;
				CLANG_WARN__DUPLICATE_METHOD_MATCH = YES;
				CODE_SIGN_IDENTITY = "iPhone Developer";
				COPY_PHASE_STRIP = NO;
				DEBUG_INFORMATION_FORMAT = "dwarf-with-dsym";
				ENABLE_NS_ASSERTIONS = NO;
				ENABLE_STRICT_OBJC_MSGSEND = YES;
				GCC_C_LANGUAGE_STANDARD = gnu11;
				GCC_NO_COMMON_BLOCKS = YES;
				GCC_WARN_64_TO_32_BIT_CONVERSION = YES;
				GCC_WARN_ABOUT_RETURN_TYPE = YES_ERROR;
				GCC_WARN_UNDECLARED_SELECTOR = YES;
				GCC_WARN_UNINITIALIZED_AUTOS = YES_AGGRESSIVE;
				GCC_WARN_UNUSED_FUNCTION = YES;
				GCC_WARN_UNUSED_VARIABLE = YES;
				IPHONEOS_DEPLOYMENT_TARGET = 11.4;
				MTL_ENABLE_DEBUG_INFO = NO;
				SDKROOT = iphoneos;
				SWIFT_COMPILATION_MODE = wholemodule;
				SWIFT_OPTIMIZATION_LEVEL = "-O";
				VALIDATE_PRODUCT = YES;
			};
			name = Release;
		};
		5128523121006E6A00B032C7 /* Debug */ = {
			isa = XCBuildConfiguration;
			buildSettings = {
				ASSETCATALOG_COMPILER_APPICON_NAME = AppIcon;
				CODE_SIGN_STYLE = Automatic;
				DEVELOPMENT_TEAM = C2UFGA4H52;
				INFOPLIST_FILE = BudTransactionList/Main/Info.plist;
				LD_RUNPATH_SEARCH_PATHS = (
					"$(inherited)",
					"@executable_path/Frameworks",
				);
				PRODUCT_BUNDLE_IDENTIFIER = alexmalkov.BudTransactionList;
				PRODUCT_NAME = "$(TARGET_NAME)";
				SWIFT_VERSION = 4.0;
				TARGETED_DEVICE_FAMILY = "1,2";
			};
			name = Debug;
		};
		5128523221006E6A00B032C7 /* Release */ = {
			isa = XCBuildConfiguration;
			buildSettings = {
				ASSETCATALOG_COMPILER_APPICON_NAME = AppIcon;
				CODE_SIGN_STYLE = Automatic;
				DEVELOPMENT_TEAM = C2UFGA4H52;
				INFOPLIST_FILE = BudTransactionList/Main/Info.plist;
				LD_RUNPATH_SEARCH_PATHS = (
					"$(inherited)",
					"@executable_path/Frameworks",
				);
				PRODUCT_BUNDLE_IDENTIFIER = alexmalkov.BudTransactionList;
				PRODUCT_NAME = "$(TARGET_NAME)";
				SWIFT_VERSION = 4.0;
				TARGETED_DEVICE_FAMILY = "1,2";
			};
			name = Release;
		};
		5128523421006E6A00B032C7 /* Debug */ = {
			isa = XCBuildConfiguration;
			buildSettings = {
				ALWAYS_EMBED_SWIFT_STANDARD_LIBRARIES = YES;
				BUNDLE_LOADER = "$(TEST_HOST)";
				CODE_SIGN_STYLE = Automatic;
				DEVELOPMENT_TEAM = C2UFGA4H52;
				INFOPLIST_FILE = BudTransactionListTests/Info.plist;
				LD_RUNPATH_SEARCH_PATHS = (
					"$(inherited)",
					"@executable_path/Frameworks",
					"@loader_path/Frameworks",
				);
				PRODUCT_BUNDLE_IDENTIFIER = alexmalkov.BudTransactionListTests;
				PRODUCT_NAME = "$(TARGET_NAME)";
				SWIFT_VERSION = 4.0;
				TARGETED_DEVICE_FAMILY = "1,2";
				TEST_HOST = "$(BUILT_PRODUCTS_DIR)/BudTransactionList.app/BudTransactionList";
			};
			name = Debug;
		};
		5128523521006E6A00B032C7 /* Release */ = {
			isa = XCBuildConfiguration;
			buildSettings = {
				ALWAYS_EMBED_SWIFT_STANDARD_LIBRARIES = YES;
				BUNDLE_LOADER = "$(TEST_HOST)";
				CODE_SIGN_STYLE = Automatic;
				DEVELOPMENT_TEAM = C2UFGA4H52;
				INFOPLIST_FILE = BudTransactionListTests/Info.plist;
				LD_RUNPATH_SEARCH_PATHS = (
					"$(inherited)",
					"@executable_path/Frameworks",
					"@loader_path/Frameworks",
				);
				PRODUCT_BUNDLE_IDENTIFIER = alexmalkov.BudTransactionListTests;
				PRODUCT_NAME = "$(TARGET_NAME)";
				SWIFT_VERSION = 4.0;
				TARGETED_DEVICE_FAMILY = "1,2";
				TEST_HOST = "$(BUILT_PRODUCTS_DIR)/BudTransactionList.app/BudTransactionList";
			};
			name = Release;
		};
		5128523721006E6A00B032C7 /* Debug */ = {
			isa = XCBuildConfiguration;
			buildSettings = {
				ALWAYS_EMBED_SWIFT_STANDARD_LIBRARIES = YES;
				CODE_SIGN_STYLE = Automatic;
				DEVELOPMENT_TEAM = C2UFGA4H52;
				INFOPLIST_FILE = BudTransactionListUITests/Info.plist;
				LD_RUNPATH_SEARCH_PATHS = (
					"$(inherited)",
					"@executable_path/Frameworks",
					"@loader_path/Frameworks",
				);
				PRODUCT_BUNDLE_IDENTIFIER = alexmalkov.BudTransactionListUITests;
				PRODUCT_NAME = "$(TARGET_NAME)";
				SWIFT_VERSION = 4.0;
				TARGETED_DEVICE_FAMILY = "1,2";
				TEST_TARGET_NAME = BudTransactionList;
			};
			name = Debug;
		};
		5128523821006E6A00B032C7 /* Release */ = {
			isa = XCBuildConfiguration;
			buildSettings = {
				ALWAYS_EMBED_SWIFT_STANDARD_LIBRARIES = YES;
				CODE_SIGN_STYLE = Automatic;
				DEVELOPMENT_TEAM = C2UFGA4H52;
				INFOPLIST_FILE = BudTransactionListUITests/Info.plist;
				LD_RUNPATH_SEARCH_PATHS = (
					"$(inherited)",
					"@executable_path/Frameworks",
					"@loader_path/Frameworks",
				);
				PRODUCT_BUNDLE_IDENTIFIER = alexmalkov.BudTransactionListUITests;
				PRODUCT_NAME = "$(TARGET_NAME)";
				SWIFT_VERSION = 4.0;
				TARGETED_DEVICE_FAMILY = "1,2";
				TEST_TARGET_NAME = BudTransactionList;
			};
			name = Release;
		};
/* End XCBuildConfiguration section */

/* Begin XCConfigurationList section */
		5128520321006E6700B032C7 /* Build configuration list for PBXProject "BudTransactionList" */ = {
			isa = XCConfigurationList;
			buildConfigurations = (
				5128522E21006E6A00B032C7 /* Debug */,
				5128522F21006E6A00B032C7 /* Release */,
			);
			defaultConfigurationIsVisible = 0;
			defaultConfigurationName = Release;
		};
		5128523021006E6A00B032C7 /* Build configuration list for PBXNativeTarget "BudTransactionList" */ = {
			isa = XCConfigurationList;
			buildConfigurations = (
				5128523121006E6A00B032C7 /* Debug */,
				5128523221006E6A00B032C7 /* Release */,
			);
			defaultConfigurationIsVisible = 0;
			defaultConfigurationName = Release;
		};
		5128523321006E6A00B032C7 /* Build configuration list for PBXNativeTarget "BudTransactionListTests" */ = {
			isa = XCConfigurationList;
			buildConfigurations = (
				5128523421006E6A00B032C7 /* Debug */,
				5128523521006E6A00B032C7 /* Release */,
			);
			defaultConfigurationIsVisible = 0;
			defaultConfigurationName = Release;
		};
		5128523621006E6A00B032C7 /* Build configuration list for PBXNativeTarget "BudTransactionListUITests" */ = {
			isa = XCConfigurationList;
			buildConfigurations = (
				5128523721006E6A00B032C7 /* Debug */,
				5128523821006E6A00B032C7 /* Release */,
			);
			defaultConfigurationIsVisible = 0;
			defaultConfigurationName = Release;
		};
/* End XCConfigurationList section */
	};
	rootObject = 5128520021006E6700B032C7 /* Project object */;
}
